{"1.2.0",
[{<<"eleveldb">>,
  {git,"https://github.com/basho/eleveldb.git",
       {ref,"0ad275cc18da6f9ce77ddef1a6a73465b0424afe"}},
  0},
 {<<"riak_dt">>,{pkg,<<"riak_dt">>,<<"2.1.1">>},0},
 {<<"sext">>,{pkg,<<"sext">>,<<"1.8.0">>},0},
 {<<"swc">>,
  {git,"https://github.com/vernemq/ServerWideClocks.git",
       {ref,"4835239dca5a5f4ac7202dd94d7effcaa617d575"}},
  0}]}.
[
{pkg_hash,[
 {<<"riak_dt">>, <<"56B1898A543C561994F5D052FDEA972525CA98F46FDB3DCDB7366E4F92EE8F54">>},
 {<<"sext">>, <<"90A95B889F5C781B70BBCF44278B763148E313C376B60D87CE664CB1C1DD29B5">>}]},
{pkg_hash_ext,[
 {<<"riak_dt">>, <<"B5AB9E1D579EC3129CBEA4B1977261AA2C5AD634321F87ACE83BB32B99F65396">>},
 {<<"sext">>, <<"BC6016CB8690BAF677EACACFE6E7CADFEC8DC7E286CBBED762F6CD55B0678E73">>}]}
].
